// !$*UTF8*$!
{
	archiveVersion = 1;
	classes = {
	};
	objectVersion = 50;
	objects = {

/* Begin PBXBuildFile section */
		2B577E7726C1C31200750ADE /* RSSensitiveView.swift in Sources */ = {isa = PBXBuildFile; fileRef = 2B577E7626C1C31200750ADE /* RSSensitiveView.swift */; };
		2BB9E75C26AB605700112651 /* AppDelegate.swift in Sources */ = {isa = PBXBuildFile; fileRef = 2BB9E75B26AB605700112651 /* AppDelegate.swift */; };
		2BB9E75E26AB605700112651 /* SceneDelegate.swift in Sources */ = {isa = PBXBuildFile; fileRef = 2BB9E75D26AB605700112651 /* SceneDelegate.swift */; };
		2BB9E76326AB605700112651 /* Main.storyboard in Resources */ = {isa = PBXBuildFile; fileRef = 2BB9E76126AB605700112651 /* Main.storyboard */; };
		2BB9E76526AB605900112651 /* Assets.xcassets in Resources */ = {isa = PBXBuildFile; fileRef = 2BB9E76426AB605900112651 /* Assets.xcassets */; };
		2BB9E76826AB605900112651 /* LaunchScreen.storyboard in Resources */ = {isa = PBXBuildFile; fileRef = 2BB9E76626AB605900112651 /* LaunchScreen.storyboard */; };
		2BB9E77326AB66B600112651 /* Util.swift in Sources */ = {isa = PBXBuildFile; fileRef = 2BB9E77226AB66B600112651 /* Util.swift */; };
		2BB9E77926AB7D6600112651 /* Helpers.swift in Sources */ = {isa = PBXBuildFile; fileRef = 2BB9E77826AB7D6600112651 /* Helpers.swift */; };
		2BB9F26E26AD787900F43852 /* RSSettingsViewController.swift in Sources */ = {isa = PBXBuildFile; fileRef = 2BB9F26A26AD778E00F43852 /* RSSettingsViewController.swift */; };
		2BB9F27026AD790D00F43852 /* RSSettingsPresenter.swift in Sources */ = {isa = PBXBuildFile; fileRef = 2BB9F26F26AD790D00F43852 /* RSSettingsPresenter.swift */; };
		2BB9F27326AD895600F43852 /* RSCollectionViewController.swift in Sources */ = {isa = PBXBuildFile; fileRef = 2BB9F27226AD895600F43852 /* RSCollectionViewController.swift */; };
		2BB9F27526AD896500F43852 /* RSCollectionViewCell.swift in Sources */ = {isa = PBXBuildFile; fileRef = 2BB9F27426AD896500F43852 /* RSCollectionViewCell.swift */; };
		2BB9F27F26AD9D9800F43852 /* RSGalleryViewController.swift in Sources */ = {isa = PBXBuildFile; fileRef = 2BB9F27E26AD9D9800F43852 /* RSGalleryViewController.swift */; };
		2BB9F28126AD9DE400F43852 /* RSStoryViewController.swift in Sources */ = {isa = PBXBuildFile; fileRef = 2BB9F27726AD9D3500F43852 /* RSStoryViewController.swift */; };
		2BB9F28226AD9DE700F43852 /* RSDetailPresenter.swift in Sources */ = {isa = PBXBuildFile; fileRef = 2BB9F27926AD9D4200F43852 /* RSDetailPresenter.swift */; };
		2BB9F28526AD9F0D00F43852 /* RSTypeView.swift in Sources */ = {isa = PBXBuildFile; fileRef = 2BB9F28426AD9F0D00F43852 /* RSTypeView.swift */; };
		2BB9F28726ADE39700F43852 /* RSGalleryPresenter.swift in Sources */ = {isa = PBXBuildFile; fileRef = 2BB9F28626ADE39700F43852 /* RSGalleryPresenter.swift */; };
		2BB9F28A26ADE61900F43852 /* RSDetailViewController.swift in Sources */ = {isa = PBXBuildFile; fileRef = 2BB9F28926ADE61900F43852 /* RSDetailViewController.swift */; };
		2BB9F28C26ADEB4800F43852 /* RSGalleryImageView.swift in Sources */ = {isa = PBXBuildFile; fileRef = 2BB9F28B26ADEB4800F43852 /* RSGalleryImageView.swift */; };
		2BB9F28E26ADEE5100F43852 /* RSStackView.swift in Sources */ = {isa = PBXBuildFile; fileRef = 2BB9F28D26ADEE5100F43852 /* RSStackView.swift */; };
		2BB9F29126ADFAF100F43852 /* Data.swift in Sources */ = {isa = PBXBuildFile; fileRef = 2BB9F29026ADFAF100F43852 /* Data.swift */; };
		2BB9F29526AE01A300F43852 /* s1-title.txt in Resources */ = {isa = PBXBuildFile; fileRef = 2BB9F29426AE01A300F43852 /* s1-title.txt */; };
		2BB9F29726AE01B800F43852 /* s1-text.txt in Resources */ = {isa = PBXBuildFile; fileRef = 2BB9F29626AE01B800F43852 /* s1-text.txt */; };
		2BB9F29926AE03F800F43852 /* RSCollectionPresenter.swift in Sources */ = {isa = PBXBuildFile; fileRef = 2BB9F29826AE03F800F43852 /* RSCollectionPresenter.swift */; };
		2BB9F29B26AE160400F43852 /* RSGalleryDetailViewController.swift in Sources */ = {isa = PBXBuildFile; fileRef = 2BB9F29A26AE160400F43852 /* RSGalleryDetailViewController.swift */; };
		2BB9F29D26AE1E0300F43852 /* RSCloseButton.swift in Sources */ = {isa = PBXBuildFile; fileRef = 2BB9F29C26AE1E0300F43852 /* RSCloseButton.swift */; };
		2BB9F29F26AE28AE00F43852 /* RSTitleLabel.swift in Sources */ = {isa = PBXBuildFile; fileRef = 2BB9F29E26AE28AE00F43852 /* RSTitleLabel.swift */; };
		2BB9F2EA26AEFA1100F43852 /* RSGradientView.swift in Sources */ = {isa = PBXBuildFile; fileRef = 2BB9F2E926AEFA1100F43852 /* RSGradientView.swift */; };
		2BB9F2EC26AF1F6200F43852 /* story-1-path.swift in Sources */ = {isa = PBXBuildFile; fileRef = 2BB9F2EB26AF1F6200F43852 /* story-1-path.swift */; };
		2BB9F2EE26AF1FBC00F43852 /* RSStoryCollectionViewCell.swift in Sources */ = {isa = PBXBuildFile; fileRef = 2BB9F2ED26AF1FBC00F43852 /* RSStoryCollectionViewCell.swift */; };
		2BB9F2F326AF332A00F43852 /* Model.swift in Sources */ = {isa = PBXBuildFile; fileRef = 2BB9F2F226AF332A00F43852 /* Model.swift */; };
		2BB9F2F526AF34BD00F43852 /* RSColorSettingsViewController.swift in Sources */ = {isa = PBXBuildFile; fileRef = 2BB9F2F426AF34BD00F43852 /* RSColorSettingsViewController.swift */; };
		2BB9F2F726AF366000F43852 /* RSNavigationViewController.swift in Sources */ = {isa = PBXBuildFile; fileRef = 2BB9F2F626AF366000F43852 /* RSNavigationViewController.swift */; };
		2BB9F2F926AF368D00F43852 /* RSTabBarViewController.swift in Sources */ = {isa = PBXBuildFile; fileRef = 2BB9F2F826AF368D00F43852 /* RSTabBarViewController.swift */; };
		2BB9F2FE26AF556600F43852 /* s2-title.txt in Resources */ = {isa = PBXBuildFile; fileRef = 2BB9F2FD26AF556600F43852 /* s2-title.txt */; };
		2BB9F30126AF557E00F43852 /* story-2-path.swift in Sources */ = {isa = PBXBuildFile; fileRef = 2BB9F30026AF557E00F43852 /* story-2-path.swift */; };
		2BB9F30226AF57B500F43852 /* s2-text.txt in Resources */ = {isa = PBXBuildFile; fileRef = 2BB9F2FF26AF556C00F43852 /* s2-text.txt */; };
		2BB9F30726AF5D9D00F43852 /* s3-text.txt in Resources */ = {isa = PBXBuildFile; fileRef = 2BB9F30626AF5D9D00F43852 /* s3-text.txt */; };
		2BB9F30926AF5DAF00F43852 /* s3-title.txt in Resources */ = {isa = PBXBuildFile; fileRef = 2BB9F30826AF5DAF00F43852 /* s3-title.txt */; };
		2BB9F30B26AF5EEC00F43852 /* story-3-path.swift in Sources */ = {isa = PBXBuildFile; fileRef = 2BB9F30A26AF5EEC00F43852 /* story-3-path.swift */; };
		2BB9F30E26AF5FA900F43852 /* story-4-path.swift in Sources */ = {isa = PBXBuildFile; fileRef = 2BB9F30D26AF5FA900F43852 /* story-4-path.swift */; };
		2BB9F31026AF5FB300F43852 /* s4-text.txt in Resources */ = {isa = PBXBuildFile; fileRef = 2BB9F30F26AF5FB300F43852 /* s4-text.txt */; };
		2BB9F31226AF5FBE00F43852 /* s4-title.txt in Resources */ = {isa = PBXBuildFile; fileRef = 2BB9F31126AF5FBE00F43852 /* s4-title.txt */; };
/* End PBXBuildFile section */

/* Begin PBXFileReference section */
		2B577E7626C1C31200750ADE /* RSSensitiveView.swift */ = {isa = PBXFileReference; lastKnownFileType = sourcecode.swift; path = RSSensitiveView.swift; sourceTree = "<group>"; };
		2BB9E75826AB605700112651 /* RSSchool_T9.app */ = {isa = PBXFileReference; explicitFileType = wrapper.application; includeInIndex = 0; path = RSSchool_T9.app; sourceTree = BUILT_PRODUCTS_DIR; };
		2BB9E75B26AB605700112651 /* AppDelegate.swift */ = {isa = PBXFileReference; lastKnownFileType = sourcecode.swift; path = AppDelegate.swift; sourceTree = "<group>"; };
		2BB9E75D26AB605700112651 /* SceneDelegate.swift */ = {isa = PBXFileReference; lastKnownFileType = sourcecode.swift; path = SceneDelegate.swift; sourceTree = "<group>"; };
		2BB9E76226AB605700112651 /* Base */ = {isa = PBXFileReference; lastKnownFileType = file.storyboard; name = Base; path = Base.lproj/Main.storyboard; sourceTree = "<group>"; };
		2BB9E76426AB605900112651 /* Assets.xcassets */ = {isa = PBXFileReference; lastKnownFileType = folder.assetcatalog; path = Assets.xcassets; sourceTree = "<group>"; };
		2BB9E76726AB605900112651 /* Base */ = {isa = PBXFileReference; lastKnownFileType = file.storyboard; name = Base; path = Base.lproj/LaunchScreen.storyboard; sourceTree = "<group>"; };
		2BB9E76926AB605900112651 /* Info.plist */ = {isa = PBXFileReference; lastKnownFileType = text.plist.xml; path = Info.plist; sourceTree = "<group>"; };
		2BB9E77226AB66B600112651 /* Util.swift */ = {isa = PBXFileReference; lastKnownFileType = sourcecode.swift; path = Util.swift; sourceTree = "<group>"; };
		2BB9E77826AB7D6600112651 /* Helpers.swift */ = {isa = PBXFileReference; lastKnownFileType = sourcecode.swift; path = Helpers.swift; sourceTree = "<group>"; };
		2BB9F26A26AD778E00F43852 /* RSSettingsViewController.swift */ = {isa = PBXFileReference; lastKnownFileType = sourcecode.swift; path = RSSettingsViewController.swift; sourceTree = "<group>"; };
		2BB9F26F26AD790D00F43852 /* RSSettingsPresenter.swift */ = {isa = PBXFileReference; lastKnownFileType = sourcecode.swift; path = RSSettingsPresenter.swift; sourceTree = "<group>"; };
		2BB9F27226AD895600F43852 /* RSCollectionViewController.swift */ = {isa = PBXFileReference; lastKnownFileType = sourcecode.swift; path = RSCollectionViewController.swift; sourceTree = "<group>"; };
		2BB9F27426AD896500F43852 /* RSCollectionViewCell.swift */ = {isa = PBXFileReference; lastKnownFileType = sourcecode.swift; path = RSCollectionViewCell.swift; sourceTree = "<group>"; };
		2BB9F27726AD9D3500F43852 /* RSStoryViewController.swift */ = {isa = PBXFileReference; lastKnownFileType = sourcecode.swift; path = RSStoryViewController.swift; sourceTree = "<group>"; };
		2BB9F27926AD9D4200F43852 /* RSDetailPresenter.swift */ = {isa = PBXFileReference; lastKnownFileType = sourcecode.swift; path = RSDetailPresenter.swift; sourceTree = "<group>"; };
		2BB9F27E26AD9D9800F43852 /* RSGalleryViewController.swift */ = {isa = PBXFileReference; lastKnownFileType = sourcecode.swift; path = RSGalleryViewController.swift; sourceTree = "<group>"; };
		2BB9F28426AD9F0D00F43852 /* RSTypeView.swift */ = {isa = PBXFileReference; lastKnownFileType = sourcecode.swift; path = RSTypeView.swift; sourceTree = "<group>"; };
		2BB9F28626ADE39700F43852 /* RSGalleryPresenter.swift */ = {isa = PBXFileReference; lastKnownFileType = sourcecode.swift; path = RSGalleryPresenter.swift; sourceTree = "<group>"; };
		2BB9F28926ADE61900F43852 /* RSDetailViewController.swift */ = {isa = PBXFileReference; lastKnownFileType = sourcecode.swift; path = RSDetailViewController.swift; sourceTree = "<group>"; };
		2BB9F28B26ADEB4800F43852 /* RSGalleryImageView.swift */ = {isa = PBXFileReference; lastKnownFileType = sourcecode.swift; path = RSGalleryImageView.swift; sourceTree = "<group>"; };
		2BB9F28D26ADEE5100F43852 /* RSStackView.swift */ = {isa = PBXFileReference; lastKnownFileType = sourcecode.swift; path = RSStackView.swift; sourceTree = "<group>"; };
		2BB9F29026ADFAF100F43852 /* Data.swift */ = {isa = PBXFileReference; lastKnownFileType = sourcecode.swift; path = Data.swift; sourceTree = "<group>"; };
		2BB9F29426AE01A300F43852 /* s1-title.txt */ = {isa = PBXFileReference; lastKnownFileType = text; path = "s1-title.txt"; sourceTree = "<group>"; };
		2BB9F29626AE01B800F43852 /* s1-text.txt */ = {isa = PBXFileReference; lastKnownFileType = text; path = "s1-text.txt"; sourceTree = "<group>"; };
		2BB9F29826AE03F800F43852 /* RSCollectionPresenter.swift */ = {isa = PBXFileReference; lastKnownFileType = sourcecode.swift; path = RSCollectionPresenter.swift; sourceTree = "<group>"; };
		2BB9F29A26AE160400F43852 /* RSGalleryDetailViewController.swift */ = {isa = PBXFileReference; lastKnownFileType = sourcecode.swift; path = RSGalleryDetailViewController.swift; sourceTree = "<group>"; };
		2BB9F29C26AE1E0300F43852 /* RSCloseButton.swift */ = {isa = PBXFileReference; lastKnownFileType = sourcecode.swift; path = RSCloseButton.swift; sourceTree = "<group>"; };
		2BB9F29E26AE28AE00F43852 /* RSTitleLabel.swift */ = {isa = PBXFileReference; lastKnownFileType = sourcecode.swift; path = RSTitleLabel.swift; sourceTree = "<group>"; };
		2BB9F2E926AEFA1100F43852 /* RSGradientView.swift */ = {isa = PBXFileReference; lastKnownFileType = sourcecode.swift; path = RSGradientView.swift; sourceTree = "<group>"; };
		2BB9F2EB26AF1F6200F43852 /* story-1-path.swift */ = {isa = PBXFileReference; lastKnownFileType = sourcecode.swift; path = "story-1-path.swift"; sourceTree = "<group>"; };
		2BB9F2ED26AF1FBC00F43852 /* RSStoryCollectionViewCell.swift */ = {isa = PBXFileReference; lastKnownFileType = sourcecode.swift; path = RSStoryCollectionViewCell.swift; sourceTree = "<group>"; };
		2BB9F2F226AF332A00F43852 /* Model.swift */ = {isa = PBXFileReference; lastKnownFileType = sourcecode.swift; path = Model.swift; sourceTree = "<group>"; };
		2BB9F2F426AF34BD00F43852 /* RSColorSettingsViewController.swift */ = {isa = PBXFileReference; lastKnownFileType = sourcecode.swift; path = RSColorSettingsViewController.swift; sourceTree = "<group>"; };
		2BB9F2F626AF366000F43852 /* RSNavigationViewController.swift */ = {isa = PBXFileReference; lastKnownFileType = sourcecode.swift; path = RSNavigationViewController.swift; sourceTree = "<group>"; };
		2BB9F2F826AF368D00F43852 /* RSTabBarViewController.swift */ = {isa = PBXFileReference; lastKnownFileType = sourcecode.swift; path = RSTabBarViewController.swift; sourceTree = "<group>"; };
		2BB9F2FD26AF556600F43852 /* s2-title.txt */ = {isa = PBXFileReference; lastKnownFileType = text; path = "s2-title.txt"; sourceTree = "<group>"; };
		2BB9F2FF26AF556C00F43852 /* s2-text.txt */ = {isa = PBXFileReference; lastKnownFileType = text; path = "s2-text.txt"; sourceTree = "<group>"; };
		2BB9F30026AF557E00F43852 /* story-2-path.swift */ = {isa = PBXFileReference; lastKnownFileType = sourcecode.swift; path = "story-2-path.swift"; sourceTree = "<group>"; };
		2BB9F30626AF5D9D00F43852 /* s3-text.txt */ = {isa = PBXFileReference; lastKnownFileType = text; path = "s3-text.txt"; sourceTree = "<group>"; };
		2BB9F30826AF5DAF00F43852 /* s3-title.txt */ = {isa = PBXFileReference; lastKnownFileType = text; path = "s3-title.txt"; sourceTree = "<group>"; };
		2BB9F30A26AF5EEC00F43852 /* story-3-path.swift */ = {isa = PBXFileReference; lastKnownFileType = sourcecode.swift; path = "story-3-path.swift"; sourceTree = "<group>"; };
		2BB9F30D26AF5FA900F43852 /* story-4-path.swift */ = {isa = PBXFileReference; lastKnownFileType = sourcecode.swift; path = "story-4-path.swift"; sourceTree = "<group>"; };
		2BB9F30F26AF5FB300F43852 /* s4-text.txt */ = {isa = PBXFileReference; lastKnownFileType = text; path = "s4-text.txt"; sourceTree = "<group>"; };
		2BB9F31126AF5FBE00F43852 /* s4-title.txt */ = {isa = PBXFileReference; lastKnownFileType = text; path = "s4-title.txt"; sourceTree = "<group>"; };
/* End PBXFileReference section */

/* Begin PBXFrameworksBuildPhase section */
		2BB9E75526AB605700112651 /* Frameworks */ = {
			isa = PBXFrameworksBuildPhase;
			buildActionMask = 2147483647;
			files = (
			);
			runOnlyForDeploymentPostprocessing = 0;
		};
/* End PBXFrameworksBuildPhase section */

/* Begin PBXGroup section */
		2B68814626C30CE40068AFF6 /* System */ = {
			isa = PBXGroup;
			children = (
				2BB9E75B26AB605700112651 /* AppDelegate.swift */,
				2BB9E75D26AB605700112651 /* SceneDelegate.swift */,
				2BB9E76426AB605900112651 /* Assets.xcassets */,
				2BB9E76626AB605900112651 /* LaunchScreen.storyboard */,
				2BB9E76126AB605700112651 /* Main.storyboard */,
			);
			path = System;
			sourceTree = "<group>";
		};
		2BB9E74F26AB605700112651 = {
			isa = PBXGroup;
			children = (
				2BB9E75A26AB605700112651 /* RSSchool_T9 */,
				2BB9E75926AB605700112651 /* Products */,
			);
			sourceTree = "<group>";
		};
		2BB9E75926AB605700112651 /* Products */ = {
			isa = PBXGroup;
			children = (
				2BB9E75826AB605700112651 /* RSSchool_T9.app */,
			);
			name = Products;
			sourceTree = "<group>";
		};
		2BB9E75A26AB605700112651 /* RSSchool_T9 */ = {
			isa = PBXGroup;
			children = (
				2B68814626C30CE40068AFF6 /* System */,
				2BB9F28F26ADFAEB00F43852 /* Data */,
				2BB9F26C26AD786C00F43852 /* Modules */,
				2BB9E77426AB76BE00112651 /* Controllers */,
				2BB9E77126AB66AC00112651 /* Util */,
				2BB9E76926AB605900112651 /* Info.plist */,
			);
			path = RSSchool_T9;
			sourceTree = "<group>";
		};
		2BB9E77126AB66AC00112651 /* Util */ = {
			isa = PBXGroup;
			children = (
				2BB9E77226AB66B600112651 /* Util.swift */,
				2BB9E77826AB7D6600112651 /* Helpers.swift */,
				2BB9F2F226AF332A00F43852 /* Model.swift */,
			);
			path = Util;
			sourceTree = "<group>";
		};
		2BB9E77426AB76BE00112651 /* Controllers */ = {
			isa = PBXGroup;
			children = (
				2BB9F2F626AF366000F43852 /* RSNavigationViewController.swift */,
				2BB9F2F826AF368D00F43852 /* RSTabBarViewController.swift */,
			);
			path = Controllers;
			sourceTree = "<group>";
		};
		2BB9F26C26AD786C00F43852 /* Modules */ = {
			isa = PBXGroup;
			children = (
				2BB9F28026AD9DD400F43852 /* Detail */,
				2BB9F27126AD894900F43852 /* Collection */,
				2BB9F26D26AD787200F43852 /* Settings */,
			);
			path = Modules;
			sourceTree = "<group>";
		};
		2BB9F26D26AD787200F43852 /* Settings */ = {
			isa = PBXGroup;
			children = (
				2BB9F26A26AD778E00F43852 /* RSSettingsViewController.swift */,
				2BB9F26F26AD790D00F43852 /* RSSettingsPresenter.swift */,
				2BB9F2F426AF34BD00F43852 /* RSColorSettingsViewController.swift */,
			);
			path = Settings;
			sourceTree = "<group>";
		};
		2BB9F27126AD894900F43852 /* Collection */ = {
			isa = PBXGroup;
			children = (
				2BB9F27226AD895600F43852 /* RSCollectionViewController.swift */,
				2BB9F29826AE03F800F43852 /* RSCollectionPresenter.swift */,
				2BB9F27426AD896500F43852 /* RSCollectionViewCell.swift */,
			);
			path = Collection;
			sourceTree = "<group>";
		};
		2BB9F27626AD9A7000F43852 /* Story */ = {
			isa = PBXGroup;
			children = (
				2BB9F27726AD9D3500F43852 /* RSStoryViewController.swift */,
				2BB9F27926AD9D4200F43852 /* RSDetailPresenter.swift */,
				2BB9F2ED26AF1FBC00F43852 /* RSStoryCollectionViewCell.swift */,
			);
			path = Story;
			sourceTree = "<group>";
		};
		2BB9F27D26AD9D8E00F43852 /* Gallery */ = {
			isa = PBXGroup;
			children = (
				2BB9F27E26AD9D9800F43852 /* RSGalleryViewController.swift */,
				2BB9F28626ADE39700F43852 /* RSGalleryPresenter.swift */,
				2BB9F28B26ADEB4800F43852 /* RSGalleryImageView.swift */,
				2BB9F29A26AE160400F43852 /* RSGalleryDetailViewController.swift */,
			);
			path = Gallery;
			sourceTree = "<group>";
		};
		2BB9F28026AD9DD400F43852 /* Detail */ = {
			isa = PBXGroup;
			children = (
				2BB9F28826ADE60900F43852 /* Controllers */,
				2BB9F28326AD9F0300F43852 /* Views */,
				2BB9F27D26AD9D8E00F43852 /* Gallery */,
				2BB9F27626AD9A7000F43852 /* Story */,
			);
			path = Detail;
			sourceTree = "<group>";
		};
		2BB9F28326AD9F0300F43852 /* Views */ = {
			isa = PBXGroup;
			children = (
				2BB9F28426AD9F0D00F43852 /* RSTypeView.swift */,
				2BB9F28D26ADEE5100F43852 /* RSStackView.swift */,
				2BB9F29C26AE1E0300F43852 /* RSCloseButton.swift */,
				2BB9F29E26AE28AE00F43852 /* RSTitleLabel.swift */,
				2BB9F2E926AEFA1100F43852 /* RSGradientView.swift */,
				2B577E7626C1C31200750ADE /* RSSensitiveView.swift */,
			);
			path = Views;
			sourceTree = "<group>";
		};
		2BB9F28826ADE60900F43852 /* Controllers */ = {
			isa = PBXGroup;
			children = (
				2BB9F28926ADE61900F43852 /* RSDetailViewController.swift */,
			);
			path = Controllers;
			sourceTree = "<group>";
		};
		2BB9F28F26ADFAEB00F43852 /* Data */ = {
			isa = PBXGroup;
			children = (
				2BB9F29226AE017D00F43852 /* Static */,
				2BB9F29026ADFAF100F43852 /* Data.swift */,
			);
			path = Data;
			sourceTree = "<group>";
		};
		2BB9F29226AE017D00F43852 /* Static */ = {
			isa = PBXGroup;
			children = (
				2BB9F30C26AF5F9C00F43852 /* story-4 */,
				2BB9F30326AF5D7E00F43852 /* story-3 */,
				2BB9F2FC26AF554C00F43852 /* story-2 */,
				2BB9F29326AE018200F43852 /* story-1 */,
			);
			path = Static;
			sourceTree = "<group>";
		};
		2BB9F29326AE018200F43852 /* story-1 */ = {
			isa = PBXGroup;
			children = (
				2BB9F29426AE01A300F43852 /* s1-title.txt */,
				2BB9F29626AE01B800F43852 /* s1-text.txt */,
				2BB9F2EB26AF1F6200F43852 /* story-1-path.swift */,
			);
			path = "story-1";
			sourceTree = "<group>";
		};
		2BB9F2FC26AF554C00F43852 /* story-2 */ = {
			isa = PBXGroup;
			children = (
				2BB9F2FF26AF556C00F43852 /* s2-text.txt */,
				2BB9F2FD26AF556600F43852 /* s2-title.txt */,
				2BB9F30026AF557E00F43852 /* story-2-path.swift */,
			);
			path = "story-2";
			sourceTree = "<group>";
		};
		2BB9F30326AF5D7E00F43852 /* story-3 */ = {
			isa = PBXGroup;
			children = (
				2BB9F30626AF5D9D00F43852 /* s3-text.txt */,
				2BB9F30826AF5DAF00F43852 /* s3-title.txt */,
				2BB9F30A26AF5EEC00F43852 /* story-3-path.swift */,
			);
			path = "story-3";
			sourceTree = "<group>";
		};
		2BB9F30C26AF5F9C00F43852 /* story-4 */ = {
			isa = PBXGroup;
			children = (
				2BB9F30D26AF5FA900F43852 /* story-4-path.swift */,
				2BB9F30F26AF5FB300F43852 /* s4-text.txt */,
				2BB9F31126AF5FBE00F43852 /* s4-title.txt */,
			);
			path = "story-4";
			sourceTree = "<group>";
		};
/* End PBXGroup section */

/* Begin PBXNativeTarget section */
		2BB9E75726AB605700112651 /* RSSchool_T9 */ = {
			isa = PBXNativeTarget;
			buildConfigurationList = 2BB9E76C26AB605900112651 /* Build configuration list for PBXNativeTarget "RSSchool_T9" */;
			buildPhases = (
				2BB9E75426AB605700112651 /* Sources */,
				2BB9E75526AB605700112651 /* Frameworks */,
				2BB9E75626AB605700112651 /* Resources */,
			);
			buildRules = (
			);
			dependencies = (
			);
			name = RSSchool_T9;
			productName = RSSchool_T9;
			productReference = 2BB9E75826AB605700112651 /* RSSchool_T9.app */;
			productType = "com.apple.product-type.application";
		};
/* End PBXNativeTarget section */

/* Begin PBXProject section */
		2BB9E75026AB605700112651 /* Project object */ = {
			isa = PBXProject;
			attributes = {
				CLASSPREFIX = RS;
				LastSwiftUpdateCheck = 1250;
				LastUpgradeCheck = 1250;
				ORGANIZATIONNAME = RSSchool;
				TargetAttributes = {
					2BB9E75726AB605700112651 = {
						CreatedOnToolsVersion = 12.5.1;
						LastSwiftMigration = 1250;
					};
				};
			};
			buildConfigurationList = 2BB9E75326AB605700112651 /* Build configuration list for PBXProject "RSSchool_T9" */;
			compatibilityVersion = "Xcode 9.3";
			developmentRegion = en;
			hasScannedForEncodings = 0;
			knownRegions = (
				en,
				Base,
			);
			mainGroup = 2BB9E74F26AB605700112651;
			productRefGroup = 2BB9E75926AB605700112651 /* Products */;
			projectDirPath = "";
			projectRoot = "";
			targets = (
				2BB9E75726AB605700112651 /* RSSchool_T9 */,
			);
		};
/* End PBXProject section */

/* Begin PBXResourcesBuildPhase section */
		2BB9E75626AB605700112651 /* Resources */ = {
			isa = PBXResourcesBuildPhase;
			buildActionMask = 2147483647;
			files = (
				2BB9E76826AB605900112651 /* LaunchScreen.storyboard in Resources */,
				2BB9F30726AF5D9D00F43852 /* s3-text.txt in Resources */,
				2BB9F30926AF5DAF00F43852 /* s3-title.txt in Resources */,
				2BB9F31226AF5FBE00F43852 /* s4-title.txt in Resources */,
				2BB9F29526AE01A300F43852 /* s1-title.txt in Resources */,
				2BB9F31026AF5FB300F43852 /* s4-text.txt in Resources */,
				2BB9F2FE26AF556600F43852 /* s2-title.txt in Resources */,
				2BB9E76526AB605900112651 /* Assets.xcassets in Resources */,
				2BB9F30226AF57B500F43852 /* s2-text.txt in Resources */,
				2BB9E76326AB605700112651 /* Main.storyboard in Resources */,
				2BB9F29726AE01B800F43852 /* s1-text.txt in Resources */,
			);
			runOnlyForDeploymentPostprocessing = 0;
		};
/* End PBXResourcesBuildPhase section */

/* Begin PBXSourcesBuildPhase section */
		2BB9E75426AB605700112651 /* Sources */ = {
			isa = PBXSourcesBuildPhase;
			buildActionMask = 2147483647;
			files = (
				2BB9F2F726AF366000F43852 /* RSNavigationViewController.swift in Sources */,
				2BB9F29D26AE1E0300F43852 /* RSCloseButton.swift in Sources */,
				2BB9F28A26ADE61900F43852 /* RSDetailViewController.swift in Sources */,
				2BB9F28726ADE39700F43852 /* RSGalleryPresenter.swift in Sources */,
				2BB9F30126AF557E00F43852 /* story-2-path.swift in Sources */,
				2BB9E77926AB7D6600112651 /* Helpers.swift in Sources */,
				2BB9F27326AD895600F43852 /* RSCollectionViewController.swift in Sources */,
				2BB9F28126AD9DE400F43852 /* RSStoryViewController.swift in Sources */,
				2BB9F2F326AF332A00F43852 /* Model.swift in Sources */,
				2BB9F27026AD790D00F43852 /* RSSettingsPresenter.swift in Sources */,
				2BB9E77326AB66B600112651 /* Util.swift in Sources */,
				2BB9F28226AD9DE700F43852 /* RSDetailPresenter.swift in Sources */,
				2B577E7726C1C31200750ADE /* RSSensitiveView.swift in Sources */,
				2BB9F27526AD896500F43852 /* RSCollectionViewCell.swift in Sources */,
				2BB9F2F526AF34BD00F43852 /* RSColorSettingsViewController.swift in Sources */,
				2BB9F2EE26AF1FBC00F43852 /* RSStoryCollectionViewCell.swift in Sources */,
				2BB9E75C26AB605700112651 /* AppDelegate.swift in Sources */,
				2BB9F30B26AF5EEC00F43852 /* story-3-path.swift in Sources */,
				2BB9F29F26AE28AE00F43852 /* RSTitleLabel.swift in Sources */,
				2BB9F29126ADFAF100F43852 /* Data.swift in Sources */,
				2BB9F2EC26AF1F6200F43852 /* story-1-path.swift in Sources */,
				2BB9F27F26AD9D9800F43852 /* RSGalleryViewController.swift in Sources */,
				2BB9F2F926AF368D00F43852 /* RSTabBarViewController.swift in Sources */,
				2BB9F28526AD9F0D00F43852 /* RSTypeView.swift in Sources */,
				2BB9F29926AE03F800F43852 /* RSCollectionPresenter.swift in Sources */,
				2BB9F29B26AE160400F43852 /* RSGalleryDetailViewController.swift in Sources */,
				2BB9F28E26ADEE5100F43852 /* RSStackView.swift in Sources */,
				2BB9F30E26AF5FA900F43852 /* story-4-path.swift in Sources */,
				2BB9E75E26AB605700112651 /* SceneDelegate.swift in Sources */,
				2BB9F26E26AD787900F43852 /* RSSettingsViewController.swift in Sources */,
				2BB9F28C26ADEB4800F43852 /* RSGalleryImageView.swift in Sources */,
				2BB9F2EA26AEFA1100F43852 /* RSGradientView.swift in Sources */,
			);
			runOnlyForDeploymentPostprocessing = 0;
		};
/* End PBXSourcesBuildPhase section */

/* Begin PBXVariantGroup section */
		2BB9E76126AB605700112651 /* Main.storyboard */ = {
			isa = PBXVariantGroup;
			children = (
				2BB9E76226AB605700112651 /* Base */,
			);
			name = Main.storyboard;
			sourceTree = "<group>";
		};
		2BB9E76626AB605900112651 /* LaunchScreen.storyboard */ = {
			isa = PBXVariantGroup;
			children = (
				2BB9E76726AB605900112651 /* Base */,
			);
			name = LaunchScreen.storyboard;
			sourceTree = "<group>";
		};
/* End PBXVariantGroup section */

/* Begin XCBuildConfiguration section */
		2BB9E76A26AB605900112651 /* Debug */ = {
			isa = XCBuildConfiguration;
			buildSettings = {
				ALWAYS_SEARCH_USER_PATHS = NO;
				CLANG_ANALYZER_NONNULL = YES;
				CLANG_ANALYZER_NUMBER_OBJECT_CONVERSION = YES_AGGRESSIVE;
				CLANG_CXX_LANGUAGE_STANDARD = "gnu++14";
				CLANG_CXX_LIBRARY = "libc++";
				CLANG_ENABLE_MODULES = YES;
				CLANG_ENABLE_OBJC_ARC = YES;
				CLANG_ENABLE_OBJC_WEAK = YES;
				CLANG_WARN_BLOCK_CAPTURE_AUTORELEASING = YES;
				CLANG_WARN_BOOL_CONVERSION = YES;
				CLANG_WARN_COMMA = YES;
				CLANG_WARN_CONSTANT_CONVERSION = YES;
				CLANG_WARN_DEPRECATED_OBJC_IMPLEMENTATIONS = YES;
				CLANG_WARN_DIRECT_OBJC_ISA_USAGE = YES_ERROR;
				CLANG_WARN_DOCUMENTATION_COMMENTS = YES;
				CLANG_WARN_EMPTY_BODY = YES;
				CLANG_WARN_ENUM_CONVERSION = YES;
				CLANG_WARN_INFINITE_RECURSION = YES;
				CLANG_WARN_INT_CONVERSION = YES;
				CLANG_WARN_NON_LITERAL_NULL_CONVERSION = YES;
				CLANG_WARN_OBJC_IMPLICIT_RETAIN_SELF = YES;
				CLANG_WARN_OBJC_LITERAL_CONVERSION = YES;
				CLANG_WARN_OBJC_ROOT_CLASS = YES_ERROR;
				CLANG_WARN_QUOTED_INCLUDE_IN_FRAMEWORK_HEADER = YES;
				CLANG_WARN_RANGE_LOOP_ANALYSIS = YES;
				CLANG_WARN_STRICT_PROTOTYPES = YES;
				CLANG_WARN_SUSPICIOUS_MOVE = YES;
				CLANG_WARN_UNGUARDED_AVAILABILITY = YES_AGGRESSIVE;
				CLANG_WARN_UNREACHABLE_CODE = YES;
				CLANG_WARN__DUPLICATE_METHOD_MATCH = YES;
				COPY_PHASE_STRIP = NO;
				DEBUG_INFORMATION_FORMAT = dwarf;
				ENABLE_STRICT_OBJC_MSGSEND = YES;
				ENABLE_TESTABILITY = YES;
				GCC_C_LANGUAGE_STANDARD = gnu11;
				GCC_DYNAMIC_NO_PIC = NO;
				GCC_NO_COMMON_BLOCKS = YES;
				GCC_OPTIMIZATION_LEVEL = 0;
				GCC_PREPROCESSOR_DEFINITIONS = (
					"DEBUG=1",
					"$(inherited)",
				);
				GCC_WARN_64_TO_32_BIT_CONVERSION = YES;
				GCC_WARN_ABOUT_RETURN_TYPE = YES_ERROR;
				GCC_WARN_UNDECLARED_SELECTOR = YES;
				GCC_WARN_UNINITIALIZED_AUTOS = YES_AGGRESSIVE;
				GCC_WARN_UNUSED_FUNCTION = YES;
				GCC_WARN_UNUSED_VARIABLE = YES;
				IPHONEOS_DEPLOYMENT_TARGET = 14.5;
				MTL_ENABLE_DEBUG_INFO = INCLUDE_SOURCE;
				MTL_FAST_MATH = YES;
				ONLY_ACTIVE_ARCH = YES;
				SDKROOT = iphoneos;
				SWIFT_ACTIVE_COMPILATION_CONDITIONS = DEBUG;
				SWIFT_OPTIMIZATION_LEVEL = "-Onone";
			};
			name = Debug;
		};
		2BB9E76B26AB605900112651 /* Release */ = {
			isa = XCBuildConfiguration;
			buildSettings = {
				ALWAYS_SEARCH_USER_PATHS = NO;
				CLANG_ANALYZER_NONNULL = YES;
				CLANG_ANALYZER_NUMBER_OBJECT_CONVERSION = YES_AGGRESSIVE;
				CLANG_CXX_LANGUAGE_STANDARD = "gnu++14";
				CLANG_CXX_LIBRARY = "libc++";
				CLANG_ENABLE_MODULES = YES;
				CLANG_ENABLE_OBJC_ARC = YES;
				CLANG_ENABLE_OBJC_WEAK = YES;
				CLANG_WARN_BLOCK_CAPTURE_AUTORELEASING = YES;
				CLANG_WARN_BOOL_CONVERSION = YES;
				CLANG_WARN_COMMA = YES;
				CLANG_WARN_CONSTANT_CONVERSION = YES;
				CLANG_WARN_DEPRECATED_OBJC_IMPLEMENTATIONS = YES;
				CLANG_WARN_DIRECT_OBJC_ISA_USAGE = YES_ERROR;
				CLANG_WARN_DOCUMENTATION_COMMENTS = YES;
				CLANG_WARN_EMPTY_BODY = YES;
				CLANG_WARN_ENUM_CONVERSION = YES;
				CLANG_WARN_INFINITE_RECURSION = YES;
				CLANG_WARN_INT_CONVERSION = YES;
				CLANG_WARN_NON_LITERAL_NULL_CONVERSION = YES;
				CLANG_WARN_OBJC_IMPLICIT_RETAIN_SELF = YES;
				CLANG_WARN_OBJC_LITERAL_CONVERSION = YES;
				CLANG_WARN_OBJC_ROOT_CLASS = YES_ERROR;
				CLANG_WARN_QUOTED_INCLUDE_IN_FRAMEWORK_HEADER = YES;
				CLANG_WARN_RANGE_LOOP_ANALYSIS = YES;
				CLANG_WARN_STRICT_PROTOTYPES = YES;
				CLANG_WARN_SUSPICIOUS_MOVE = YES;
				CLANG_WARN_UNGUARDED_AVAILABILITY = YES_AGGRESSIVE;
				CLANG_WARN_UNREACHABLE_CODE = YES;
				CLANG_WARN__DUPLICATE_METHOD_MATCH = YES;
				COPY_PHASE_STRIP = NO;
				DEBUG_INFORMATION_FORMAT = "dwarf-with-dsym";
				ENABLE_NS_ASSERTIONS = NO;
				ENABLE_STRICT_OBJC_MSGSEND = YES;
				GCC_C_LANGUAGE_STANDARD = gnu11;
				GCC_NO_COMMON_BLOCKS = YES;
				GCC_WARN_64_TO_32_BIT_CONVERSION = YES;
				GCC_WARN_ABOUT_RETURN_TYPE = YES_ERROR;
				GCC_WARN_UNDECLARED_SELECTOR = YES;
				GCC_WARN_UNINITIALIZED_AUTOS = YES_AGGRESSIVE;
				GCC_WARN_UNUSED_FUNCTION = YES;
				GCC_WARN_UNUSED_VARIABLE = YES;
				IPHONEOS_DEPLOYMENT_TARGET = 14.5;
				MTL_ENABLE_DEBUG_INFO = NO;
				MTL_FAST_MATH = YES;
				SDKROOT = iphoneos;
				SWIFT_COMPILATION_MODE = wholemodule;
				SWIFT_OPTIMIZATION_LEVEL = "-O";
				VALIDATE_PRODUCT = YES;
			};
			name = Release;
		};
		2BB9E76D26AB605900112651 /* Debug */ = {
			isa = XCBuildConfiguration;
			buildSettings = {
				ASSETCATALOG_COMPILER_APPICON_NAME = AppIcon;
				ASSETCATALOG_COMPILER_GLOBAL_ACCENT_COLOR_NAME = AccentColor;
				CLANG_ENABLE_MODULES = YES;
				CODE_SIGN_STYLE = Automatic;
				INFOPLIST_FILE = RSSchool_T9/Info.plist;
				IPHONEOS_DEPLOYMENT_TARGET = 13.0;
				LD_RUNPATH_SEARCH_PATHS = (
					"$(inherited)",
					"@executable_path/Frameworks",
				);
				PRODUCT_BUNDLE_IDENTIFIER = "com.uvolchyk.RSSchool-T9";
				PRODUCT_NAME = "$(TARGET_NAME)";
				SWIFT_OPTIMIZATION_LEVEL = "-Onone";
				SWIFT_VERSION = 5.0;
				TARGETED_DEVICE_FAMILY = 1;
			};
			name = Debug;
		};
		2BB9E76E26AB605900112651 /* Release */ = {
			isa = XCBuildConfiguration;
			buildSettings = {
				ASSETCATALOG_COMPILER_APPICON_NAME = AppIcon;
				ASSETCATALOG_COMPILER_GLOBAL_ACCENT_COLOR_NAME = AccentColor;
				CLANG_ENABLE_MODULES = YES;
				CODE_SIGN_STYLE = Automatic;
				INFOPLIST_FILE = RSSchool_T9/Info.plist;
				IPHONEOS_DEPLOYMENT_TARGET = 13.0;
				LD_RUNPATH_SEARCH_PATHS = (
					"$(inherited)",
					"@executable_path/Frameworks",
				);
				PRODUCT_BUNDLE_IDENTIFIER = "com.uvolchyk.RSSchool-T9";
				PRODUCT_NAME = "$(TARGET_NAME)";
				SWIFT_VERSION = 5.0;
				TARGETED_DEVICE_FAMILY = 1;
			};
			name = Release;
		};
/* End XCBuildConfiguration section */

/* Begin XCConfigurationList section */
		2BB9E75326AB605700112651 /* Build configuration list for PBXProject "RSSchool_T9" */ = {
			isa = XCConfigurationList;
			buildConfigurations = (
				2BB9E76A26AB605900112651 /* Debug */,
				2BB9E76B26AB605900112651 /* Release */,
			);
			defaultConfigurationIsVisible = 0;
			defaultConfigurationName = Release;
		};
		2BB9E76C26AB605900112651 /* Build configuration list for PBXNativeTarget "RSSchool_T9" */ = {
			isa = XCConfigurationList;
			buildConfigurations = (
				2BB9E76D26AB605900112651 /* Debug */,
				2BB9E76E26AB605900112651 /* Release */,
			);
			defaultConfigurationIsVisible = 0;
			defaultConfigurationName = Release;
		};
/* End XCConfigurationList section */
	};
	rootObject = 2BB9E75026AB605700112651 /* Project object */;
}
